
Microsoft Visual Studio Solution File, Format Version 12.00
# Visual Studio Version 17
VisualStudioVersion = 17.8.34316.72
MinimumVisualStudioVersion = 10.0.40219.1
Project("{FAE04EC0-301F-11D3-BF4B-00C04F79EFBC}") = "OS", "OS\OS.csproj", "{2FE585FB-CDE7-43EB-9E85-9877DFEFF76B}"
EndProject
Project("{FAE04EC0-301F-11D3-BF4B-00C04F79EFBC}") = "DataAccessLayer", "DataAccessLayer\DataAccessLayer.csproj", "{7EA098DE-1832-4783-8A60-88355E75533F}"
EndProject
Project("{FAE04EC0-301F-11D3-BF4B-00C04F79EFBC}") = "BusinessLogicLayer", "BusinessLogicLayer\BusinessLogicLayer.csproj", "{5990CE9A-B776-40B2-A52F-F3ACE8B477DA}"
EndProject
Global
	GlobalSection(SolutionConfigurationPlatforms) = preSolution
		Debug|Any CPU = Debug|Any CPU
		Release|Any CPU = Release|Any CPU
	EndGlobalSection
	GlobalSection(ProjectConfigurationPlatforms) = postSolution
		{2FE585FB-CDE7-43EB-9E85-9877DFEFF76B}.Debug|Any CPU.ActiveCfg = Debug|Any CPU
		{2FE585FB-CDE7-43EB-9E85-9877DFEFF76B}.Debug|Any CPU.Build.0 = Debug|Any CPU
		{2FE585FB-CDE7-43EB-9E85-9877DFEFF76B}.Release|Any CPU.ActiveCfg = Release|Any CPU
		{2FE585FB-CDE7-43EB-9E85-9877DFEFF76B}.Release|Any CPU.Build.0 = Release|Any CPU
		{7EA098DE-1832-4783-8A60-88355E75533F}.Debug|Any CPU.ActiveCfg = Debug|Any CPU
		{7EA098DE-1832-4783-8A60-88355E75533F}.Debug|Any CPU.Build.0 = Debug|Any CPU
		{7EA098DE-1832-4783-8A60-88355E75533F}.Release|Any CPU.ActiveCfg = Release|Any CPU
		{7EA098DE-1832-4783-8A60-88355E75533F}.Release|Any CPU.Build.0 = Release|Any CPU
		{5990CE9A-B776-40B2-A52F-F3ACE8B477DA}.Debug|Any CPU.ActiveCfg = Debug|Any CPU
		{5990CE9A-B776-40B2-A52F-F3ACE8B477DA}.Debug|Any CPU.Build.0 = Debug|Any CPU
		{5990CE9A-B776-40B2-A52F-F3ACE8B477DA}.Release|Any CPU.ActiveCfg = Release|Any CPU
		{5990CE9A-B776-40B2-A52F-F3ACE8B477DA}.Release|Any CPU.Build.0 = Release|Any CPU
	EndGlobalSection
	GlobalSection(SolutionProperties) = preSolution
		HideSolutionNode = FALSE
	EndGlobalSection
	GlobalSection(ExtensibilityGlobals) = postSolution
		SolutionGuid = {F8B0C6FC-6F56-48F3-9E2F-B88A9D3BEA44}
	EndGlobalSection
EndGlobal
